
Microsoft Visual Studio Solution File, Format Version 12.00
# Visual Studio 15
VisualStudioVersion = 15.0.28307.329
MinimumVisualStudioVersion = 10.0.40219.1
Project("{FAE04EC0-301F-11D3-BF4B-00C04F79EFBC}") = "Circustrein", "Circustrein\Circustrein.csproj", "{B2D15219-0A18-4A87-937E-AC3BADF60872}"
EndProject
Project("{FAE04EC0-301F-11D3-BF4B-00C04F79EFBC}") = "CircustreinTests", "CircustreinTests\CircustreinTests.csproj", "{7ACE1C01-15FA-4550-B00E-FEE00A843ADC}"
EndProject
Global
	GlobalSection(SolutionConfigurationPlatforms) = preSolution
		Debug|Any CPU = Debug|Any CPU
		Release|Any CPU = Release|Any CPU
	EndGlobalSection
	GlobalSection(ProjectConfigurationPlatforms) = postSolution
		{B2D15219-0A18-4A87-937E-AC3BADF60872}.Debug|Any CPU.ActiveCfg = Debug|Any CPU
		{B2D15219-0A18-4A87-937E-AC3BADF60872}.Debug|Any CPU.Build.0 = Debug|Any CPU
		{B2D15219-0A18-4A87-937E-AC3BADF60872}.Release|Any CPU.ActiveCfg = Release|Any CPU
		{B2D15219-0A18-4A87-937E-AC3BADF60872}.Release|Any CPU.Build.0 = Release|Any CPU
		{7ACE1C01-15FA-4550-B00E-FEE00A843ADC}.Debug|Any CPU.ActiveCfg = Debug|Any CPU
		{7ACE1C01-15FA-4550-B00E-FEE00A843ADC}.Debug|Any CPU.Build.0 = Debug|Any CPU
		{7ACE1C01-15FA-4550-B00E-FEE00A843ADC}.Release|Any CPU.ActiveCfg = Release|Any CPU
		{7ACE1C01-15FA-4550-B00E-FEE00A843ADC}.Release|Any CPU.Build.0 = Release|Any CPU
	EndGlobalSection
	GlobalSection(SolutionProperties) = preSolution
		HideSolutionNode = FALSE
	EndGlobalSection
	GlobalSection(ExtensibilityGlobals) = postSolution
		SolutionGuid = {CB1DDD11-1BDE-4563-A510-F01C7BACE6E9}
	EndGlobalSection
EndGlobal
